// !$*UTF8*$!
{
	archiveVersion = 1;
	classes = {
	};
	objectVersion = 46;
	objects = {

/* Begin PBXBuildFile section */
		990F279417BAAE1000435734 /* MainStoryboard.storyboard in Resources */ = {isa = PBXBuildFile; fileRef = 999ACDCA17BA893A00649AF6 /* MainStoryboard.storyboard */; };
		990F27EE17BABAFD00435734 /* MasterViewController.h in Resources */ = {isa = PBXBuildFile; fileRef = 99AA6A9C17B98B96005B3496 /* MasterViewController.h */; };
		991E9BC717BABD9B001CB6DA /* MasterViewController.m in Resources */ = {isa = PBXBuildFile; fileRef = 99AA6A9D17B98B96005B3496 /* MasterViewController.m */; };
		9954B61E17AADAEC0084C486 /* UIKit.framework in Frameworks */ = {isa = PBXBuildFile; fileRef = 9954B61D17AADAEC0084C486 /* UIKit.framework */; };
		9954B62017AADAEC0084C486 /* Foundation.framework in Frameworks */ = {isa = PBXBuildFile; fileRef = 9954B61F17AADAEC0084C486 /* Foundation.framework */; };
		9954B62217AADAEC0084C486 /* CoreGraphics.framework in Frameworks */ = {isa = PBXBuildFile; fileRef = 9954B62117AADAEC0084C486 /* CoreGraphics.framework */; };
		9954B64517AADAEC0084C486 /* SenTestingKit.framework in Frameworks */ = {isa = PBXBuildFile; fileRef = 9954B64417AADAEC0084C486 /* SenTestingKit.framework */; };
		9954B64617AADAEC0084C486 /* UIKit.framework in Frameworks */ = {isa = PBXBuildFile; fileRef = 9954B61D17AADAEC0084C486 /* UIKit.framework */; };
		9954B64717AADAEC0084C486 /* Foundation.framework in Frameworks */ = {isa = PBXBuildFile; fileRef = 9954B61F17AADAEC0084C486 /* Foundation.framework */; };
		9954B64F17AADAEC0084C486 /* InfoPlist.strings in Resources */ = {isa = PBXBuildFile; fileRef = 9954B64D17AADAEC0084C486 /* InfoPlist.strings */; };
		9954B65217AADAEC0084C486 /* Mitro_IOSTests.m in Sources */ = {isa = PBXBuildFile; fileRef = 9954B65117AADAEC0084C486 /* Mitro_IOSTests.m */; };
		999ACDD217BA8A7F00649AF6 /* NSObject+SBJSON.m in Sources */ = {isa = PBXBuildFile; fileRef = 999ACDD117BA8A7F00649AF6 /* NSObject+SBJSON.m */; };
		999ACDD417BA8B9A00649AF6 /* GlobalData.m in Sources */ = {isa = PBXBuildFile; fileRef = 999ACDD317BA8B9A00649AF6 /* GlobalData.m */; };
		999ACDD617BA8BE500649AF6 /* main.m in Sources */ = {isa = PBXBuildFile; fileRef = 999ACDD517BA8BE500649AF6 /* main.m */; };
		999ACDDB17BA8DD000649AF6 /* AppDelegate.m in Sources */ = {isa = PBXBuildFile; fileRef = 999ACDDA17BA8DD000649AF6 /* AppDelegate.m */; };
		99AA6A9A17B98B85005B3496 /* MitroApi.m in Sources */ = {isa = PBXBuildFile; fileRef = 99AA6A9917B98B85005B3496 /* MitroApi.m */; };
		99AA6A9B17B98B85005B3496 /* MitroApi.m in Sources */ = {isa = PBXBuildFile; fileRef = 99AA6A9917B98B85005B3496 /* MitroApi.m */; };
		99AA6A9E17B98B96005B3496 /* MasterViewController.m in Sources */ = {isa = PBXBuildFile; fileRef = 99AA6A9D17B98B96005B3496 /* MasterViewController.m */; };
		99AA6A9F17B98B96005B3496 /* MasterViewController.m in Sources */ = {isa = PBXBuildFile; fileRef = 99AA6A9D17B98B96005B3496 /* MasterViewController.m */; };
		99AA6AA217B98BBF005B3496 /* FakeAPIServer.m in Sources */ = {isa = PBXBuildFile; fileRef = 99AA6AA117B98BBF005B3496 /* FakeAPIServer.m */; };
		99AA6AA517B98BDF005B3496 /* DetailViewController.m in Sources */ = {isa = PBXBuildFile; fileRef = 99AA6AA417B98BDF005B3496 /* DetailViewController.m */; };
		99AA6ABD17B98C67005B3496 /* SBJsonParser.m in Sources */ = {isa = PBXBuildFile; fileRef = 99AA6AA817B98C67005B3496 /* SBJsonParser.m */; };
		99AA6ABE17B98C67005B3496 /* SBJsonStreamParser.m in Sources */ = {isa = PBXBuildFile; fileRef = 99AA6AAA17B98C67005B3496 /* SBJsonStreamParser.m */; };
		99AA6ABF17B98C67005B3496 /* SBJsonStreamParserAccumulator.m in Sources */ = {isa = PBXBuildFile; fileRef = 99AA6AAC17B98C67005B3496 /* SBJsonStreamParserAccumulator.m */; };
		99AA6AC017B98C67005B3496 /* SBJsonStreamParserAdapter.m in Sources */ = {isa = PBXBuildFile; fileRef = 99AA6AAE17B98C67005B3496 /* SBJsonStreamParserAdapter.m */; };
		99AA6AC117B98C67005B3496 /* SBJsonStreamParserState.m in Sources */ = {isa = PBXBuildFile; fileRef = 99AA6AB017B98C67005B3496 /* SBJsonStreamParserState.m */; };
		99AA6AC217B98C67005B3496 /* SBJsonStreamTokeniser.m in Sources */ = {isa = PBXBuildFile; fileRef = 99AA6AB217B98C67005B3496 /* SBJsonStreamTokeniser.m */; };
		99AA6AC317B98C67005B3496 /* SBJsonStreamWriter.m in Sources */ = {isa = PBXBuildFile; fileRef = 99AA6AB417B98C67005B3496 /* SBJsonStreamWriter.m */; };
		99AA6AC417B98C67005B3496 /* SBJsonStreamWriterAccumulator.m in Sources */ = {isa = PBXBuildFile; fileRef = 99AA6AB617B98C67005B3496 /* SBJsonStreamWriterAccumulator.m */; };
		99AA6AC517B98C67005B3496 /* SBJsonStreamWriterState.m in Sources */ = {isa = PBXBuildFile; fileRef = 99AA6AB817B98C67005B3496 /* SBJsonStreamWriterState.m */; };
		99AA6AC617B98C67005B3496 /* SBJsonWriter.m in Sources */ = {isa = PBXBuildFile; fileRef = 99AA6ABA17B98C67005B3496 /* SBJsonWriter.m */; };
		99F90FE417B9750300A6A786 /* Security.framework in Frameworks */ = {isa = PBXBuildFile; fileRef = 99F90FE317B9750300A6A786 /* Security.framework */; };
/* End PBXBuildFile section */

/* Begin PBXContainerItemProxy section */
		9954B64817AADAEC0084C486 /* PBXContainerItemProxy */ = {
			isa = PBXContainerItemProxy;
			containerPortal = 9954B61017AADAEC0084C486 /* Project object */;
			proxyType = 1;
			remoteGlobalIDString = 9954B61817AADAEC0084C486;
			remoteInfo = "Mitro IOS";
		};
/* End PBXContainerItemProxy section */

/* Begin PBXFileReference section */
		990F279917BAB05100435734 /* asn1_mac.h */ = {isa = PBXFileReference; fileEncoding = 4; lastKnownFileType = sourcecode.c.h; path = asn1_mac.h; sourceTree = "<group>"; };
		990F279A17BAB05100435734 /* asn1.h */ = {isa = PBXFileReference; fileEncoding = 4; lastKnownFileType = sourcecode.c.h; path = asn1.h; sourceTree = "<group>"; };
		990F279B17BAB05100435734 /* asn1t.h */ = {isa = PBXFileReference; fileEncoding = 4; lastKnownFileType = sourcecode.c.h; path = asn1t.h; sourceTree = "<group>"; };
		990F279C17BAB0C200435734 /* aes.h */ = {isa = PBXFileReference; fileEncoding = 4; lastKnownFileType = sourcecode.c.h; path = aes.h; sourceTree = "<group>"; };
		990F279D17BAB0E400435734 /* buffer.h */ = {isa = PBXFileReference; fileEncoding = 4; lastKnownFileType = sourcecode.c.h; path = buffer.h; sourceTree = "<group>"; };
		990F279E17BAB0F000435734 /* bn.h */ = {isa = PBXFileReference; fileEncoding = 4; lastKnownFileType = sourcecode.c.h; path = bn.h; sourceTree = "<group>"; };
		990F279F17BAB0FE00435734 /* blowfish.h */ = {isa = PBXFileReference; fileEncoding = 4; lastKnownFileType = sourcecode.c.h; path = blowfish.h; sourceTree = "<group>"; };
		990F27A017BAB10700435734 /* bio.h */ = {isa = PBXFileReference; fileEncoding = 4; lastKnownFileType = sourcecode.c.h; path = bio.h; sourceTree = "<group>"; };
		990F27A117BAB11700435734 /* cms.h */ = {isa = PBXFileReference; fileEncoding = 4; lastKnownFileType = sourcecode.c.h; path = cms.h; sourceTree = "<group>"; };
		990F27A217BAB12100435734 /* cast.h */ = {isa = PBXFileReference; fileEncoding = 4; lastKnownFileType = sourcecode.c.h; path = cast.h; sourceTree = "<group>"; };
		990F27A317BAB12800435734 /* camellia.h */ = {isa = PBXFileReference; fileEncoding = 4; lastKnownFileType = sourcecode.c.h; path = camellia.h; sourceTree = "<group>"; };
		990F27A417BAB14B00435734 /* cmac.h */ = {isa = PBXFileReference; fileEncoding = 4; lastKnownFileType = sourcecode.c.h; path = cmac.h; sourceTree = "<group>"; };
		990F27A517BAB16900435734 /* md5.h */ = {isa = PBXFileReference; fileEncoding = 4; lastKnownFileType = sourcecode.c.h; path = md5.h; sourceTree = "<group>"; };
		990F27A617BAB17300435734 /* md2.h */ = {isa = PBXFileReference; fileEncoding = 4; lastKnownFileType = sourcecode.c.h; path = md2.h; sourceTree = "<group>"; };
		990F27A717BAB17A00435734 /* lhash.h */ = {isa = PBXFileReference; fileEncoding = 4; lastKnownFileType = sourcecode.c.h; path = lhash.h; sourceTree = "<group>"; };
		990F27A817BAB18300435734 /* md4.h */ = {isa = PBXFileReference; fileEncoding = 4; lastKnownFileType = sourcecode.c.h; path = md4.h; sourceTree = "<group>"; };
		990F27A917BAB18D00435734 /* krb5_asn.h */ = {isa = PBXFileReference; fileEncoding = 4; lastKnownFileType = sourcecode.c.h; path = krb5_asn.h; sourceTree = "<group>"; };
		990F27AA17BAB19600435734 /* idea.h */ = {isa = PBXFileReference; fileEncoding = 4; lastKnownFileType = sourcecode.c.h; path = idea.h; sourceTree = "<group>"; };
		990F27AB17BAB1C600435734 /* hmac.h */ = {isa = PBXFileReference; fileEncoding = 4; lastKnownFileType = sourcecode.c.h; path = hmac.h; sourceTree = "<group>"; };
		990F27AC17BAB1CE00435734 /* fips_rand.h */ = {isa = PBXFileReference; fileEncoding = 4; lastKnownFileType = sourcecode.c.h; path = fips_rand.h; sourceTree = "<group>"; };
		990F27AD17BAB1D600435734 /* err.h */ = {isa = PBXFileReference; fileEncoding = 4; lastKnownFileType = sourcecode.c.h; path = err.h; sourceTree = "<group>"; };
		990F27AE17BAB1DF00435734 /* engine.h */ = {isa = PBXFileReference; fileEncoding = 4; lastKnownFileType = sourcecode.c.h; path = engine.h; sourceTree = "<group>"; };
		990F27AF17BAB1E600435734 /* dso.h */ = {isa = PBXFileReference; fileEncoding = 4; lastKnownFileType = sourcecode.c.h; path = dso.h; sourceTree = "<group>"; };
		990F27B017BAB1EE00435734 /* dh.h */ = {isa = PBXFileReference; fileEncoding = 4; lastKnownFileType = sourcecode.c.h; path = dh.h; sourceTree = "<group>"; };
		990F27B117BAB1F700435734 /* des_old.h */ = {isa = PBXFileReference; fileEncoding = 4; lastKnownFileType = sourcecode.c.h; path = des_old.h; sourceTree = "<group>"; };
		990F27B217BAB1F700435734 /* des.h */ = {isa = PBXFileReference; fileEncoding = 4; lastKnownFileType = sourcecode.c.h; path = des.h; sourceTree = "<group>"; };
		990F27B317BAB21C00435734 /* ecdsa.h */ = {isa = PBXFileReference; fileEncoding = 4; lastKnownFileType = sourcecode.c.h; path = ecdsa.h; sourceTree = "<group>"; };
		990F27B417BAB22500435734 /* comp.h */ = {isa = PBXFileReference; fileEncoding = 4; lastKnownFileType = sourcecode.c.h; path = comp.h; sourceTree = "<group>"; };
		990F27B517BAB22C00435734 /* conf_api.h */ = {isa = PBXFileReference; fileEncoding = 4; lastKnownFileType = sourcecode.c.h; path = conf_api.h; sourceTree = "<group>"; };
		990F27B617BAB22C00435734 /* conf.h */ = {isa = PBXFileReference; fileEncoding = 4; lastKnownFileType = sourcecode.c.h; path = conf.h; sourceTree = "<group>"; };
		990F27B717BAB23400435734 /* dtls1.h */ = {isa = PBXFileReference; fileEncoding = 4; lastKnownFileType = sourcecode.c.h; path = dtls1.h; sourceTree = "<group>"; };
		990F27B817BAB23400435734 /* kssl.h */ = {isa = PBXFileReference; fileEncoding = 4; lastKnownFileType = sourcecode.c.h; path = kssl.h; sourceTree = "<group>"; };
		990F27B917BAB23A00435734 /* evp.h */ = {isa = PBXFileReference; fileEncoding = 4; lastKnownFileType = sourcecode.c.h; path = evp.h; sourceTree = "<group>"; };
		990F27BA17BAB24200435734 /* crypto.h */ = {isa = PBXFileReference; fileEncoding = 4; lastKnownFileType = sourcecode.c.h; path = crypto.h; sourceTree = "<group>"; };
		990F27BB17BAB24200435734 /* ebcdic.h */ = {isa = PBXFileReference; fileEncoding = 4; lastKnownFileType = sourcecode.c.h; path = ebcdic.h; sourceTree = "<group>"; };
		990F27BC17BAB24900435734 /* ecdh.h */ = {isa = PBXFileReference; fileEncoding = 4; lastKnownFileType = sourcecode.c.h; path = ecdh.h; sourceTree = "<group>"; };
		990F27BD17BAB25000435734 /* ec.h */ = {isa = PBXFileReference; fileEncoding = 4; lastKnownFileType = sourcecode.c.h; path = ec.h; sourceTree = "<group>"; };
		990F27BE17BAB25600435734 /* fips.h */ = {isa = PBXFileReference; fileEncoding = 4; lastKnownFileType = sourcecode.c.h; path = fips.h; sourceTree = "<group>"; };
		990F27BF17BAB2A100435734 /* dsa.h */ = {isa = PBXFileReference; fileEncoding = 4; lastKnownFileType = sourcecode.c.h; path = dsa.h; sourceTree = "<group>"; };
		990F27C017BAB33A00435734 /* x509v3.h */ = {isa = PBXFileReference; fileEncoding = 4; lastKnownFileType = sourcecode.c.h; path = x509v3.h; sourceTree = "<group>"; };
		990F27C117BAB35200435734 /* ui_compat.h */ = {isa = PBXFileReference; fileEncoding = 4; lastKnownFileType = sourcecode.c.h; path = ui_compat.h; sourceTree = "<group>"; };
		990F27C217BAB35200435734 /* ui.h */ = {isa = PBXFileReference; fileEncoding = 4; lastKnownFileType = sourcecode.c.h; path = ui.h; sourceTree = "<group>"; };
		990F27C317BAB36100435734 /* x509_vfy.h */ = {isa = PBXFileReference; fileEncoding = 4; lastKnownFileType = sourcecode.c.h; path = x509_vfy.h; sourceTree = "<group>"; };
		990F27C417BAB36100435734 /* x509.h */ = {isa = PBXFileReference; fileEncoding = 4; lastKnownFileType = sourcecode.c.h; path = x509.h; sourceTree = "<group>"; };
		990F27C517BAB36C00435734 /* pq_compat.h */ = {isa = PBXFileReference; fileEncoding = 4; lastKnownFileType = sourcecode.c.h; path = pq_compat.h; sourceTree = "<group>"; };
		990F27C617BAB36C00435734 /* pqueue.h */ = {isa = PBXFileReference; fileEncoding = 4; lastKnownFileType = sourcecode.c.h; path = pqueue.h; sourceTree = "<group>"; };
		990F27C717BAB39100435734 /* rand.h */ = {isa = PBXFileReference; fileEncoding = 4; lastKnownFileType = sourcecode.c.h; path = rand.h; sourceTree = "<group>"; };
		990F27C817BAB39700435734 /* mdc2.h */ = {isa = PBXFileReference; fileEncoding = 4; lastKnownFileType = sourcecode.c.h; path = mdc2.h; sourceTree = "<group>"; };
		990F27C917BAB3A000435734 /* obj_mac.h */ = {isa = PBXFileReference; fileEncoding = 4; lastKnownFileType = sourcecode.c.h; path = obj_mac.h; sourceTree = "<group>"; };
		990F27CA17BAB3A000435734 /* objects.h */ = {isa = PBXFileReference; fileEncoding = 4; lastKnownFileType = sourcecode.c.h; path = objects.h; sourceTree = "<group>"; };
		990F27CB17BAB3A700435734 /* txt_db.h */ = {isa = PBXFileReference; fileEncoding = 4; lastKnownFileType = sourcecode.c.h; path = txt_db.h; sourceTree = "<group>"; };
		990F27CC17BAB3AE00435734 /* seed.h */ = {isa = PBXFileReference; fileEncoding = 4; lastKnownFileType = sourcecode.c.h; path = seed.h; sourceTree = "<group>"; };
		990F27CD17BAB3B500435734 /* safestack.h */ = {isa = PBXFileReference; fileEncoding = 4; lastKnownFileType = sourcecode.c.h; path = safestack.h; sourceTree = "<group>"; };
		990F27CE17BAB3B500435734 /* stack.h */ = {isa = PBXFileReference; fileEncoding = 4; lastKnownFileType = sourcecode.c.h; path = stack.h; sourceTree = "<group>"; };
		990F27CF17BAB3BC00435734 /* pkcs7.h */ = {isa = PBXFileReference; fileEncoding = 4; lastKnownFileType = sourcecode.c.h; path = pkcs7.h; sourceTree = "<group>"; };
		990F27D017BAB3C100435734 /* store.h */ = {isa = PBXFileReference; fileEncoding = 4; lastKnownFileType = sourcecode.c.h; path = store.h; sourceTree = "<group>"; };
		990F27D117BAB3C800435734 /* sha.h */ = {isa = PBXFileReference; fileEncoding = 4; lastKnownFileType = sourcecode.c.h; path = sha.h; sourceTree = "<group>"; };
		990F27D217BAB3CF00435734 /* ocsp.h */ = {isa = PBXFileReference; fileEncoding = 4; lastKnownFileType = sourcecode.c.h; path = ocsp.h; sourceTree = "<group>"; };
		990F27D317BAB3D700435734 /* ssl.h */ = {isa = PBXFileReference; fileEncoding = 4; lastKnownFileType = sourcecode.c.h; path = ssl.h; sourceTree = "<group>"; };
		990F27D417BAB3D700435734 /* ssl2.h */ = {isa = PBXFileReference; fileEncoding = 4; lastKnownFileType = sourcecode.c.h; path = ssl2.h; sourceTree = "<group>"; };
		990F27D517BAB3D700435734 /* ssl3.h */ = {isa = PBXFileReference; fileEncoding = 4; lastKnownFileType = sourcecode.c.h; path = ssl3.h; sourceTree = "<group>"; };
		990F27D617BAB3D700435734 /* ssl23.h */ = {isa = PBXFileReference; fileEncoding = 4; lastKnownFileType = sourcecode.c.h; path = ssl23.h; sourceTree = "<group>"; };
		990F27D717BAB3D700435734 /* tls1.h */ = {isa = PBXFileReference; fileEncoding = 4; lastKnownFileType = sourcecode.c.h; path = tls1.h; sourceTree = "<group>"; };
		990F27D817BAB3DD00435734 /* pkcs12.h */ = {isa = PBXFileReference; fileEncoding = 4; lastKnownFileType = sourcecode.c.h; path = pkcs12.h; sourceTree = "<group>"; };
		990F27D917BAB3E400435734 /* opensslconf.h */ = {isa = PBXFileReference; fileEncoding = 4; lastKnownFileType = sourcecode.c.h; path = opensslconf.h; sourceTree = "<group>"; };
		990F27DA17BAB3E400435734 /* opensslv.h */ = {isa = PBXFileReference; fileEncoding = 4; lastKnownFileType = sourcecode.c.h; path = opensslv.h; sourceTree = "<group>"; };
		990F27DB17BAB3E400435734 /* ossl_typ.h */ = {isa = PBXFileReference; fileEncoding = 4; lastKnownFileType = sourcecode.c.h; path = ossl_typ.h; sourceTree = "<group>"; };
		990F27DC17BAB3E400435734 /* symhacks.h */ = {isa = PBXFileReference; fileEncoding = 4; lastKnownFileType = sourcecode.c.h; path = symhacks.h; sourceTree = "<group>"; };
		990F27DD17BAB3E400435734 /* tmdiff.h */ = {isa = PBXFileReference; fileEncoding = 4; lastKnownFileType = sourcecode.c.h; path = tmdiff.h; sourceTree = "<group>"; };
		990F27DE17BAB3EA00435734 /* rc2.h */ = {isa = PBXFileReference; fileEncoding = 4; lastKnownFileType = sourcecode.c.h; path = rc2.h; sourceTree = "<group>"; };
		990F27DF17BAB3EF00435734 /* pem.h */ = {isa = PBXFileReference; fileEncoding = 4; lastKnownFileType = sourcecode.c.h; path = pem.h; sourceTree = "<group>"; };
		990F27E017BAB3EF00435734 /* pem2.h */ = {isa = PBXFileReference; fileEncoding = 4; lastKnownFileType = sourcecode.c.h; path = pem2.h; sourceTree = "<group>"; };
		990F27E117BAB3F600435734 /* ripemd.h */ = {isa = PBXFileReference; fileEncoding = 4; lastKnownFileType = sourcecode.c.h; path = ripemd.h; sourceTree = "<group>"; };
		990F27E217BAB3FD00435734 /* rc4.h */ = {isa = PBXFileReference; fileEncoding = 4; lastKnownFileType = sourcecode.c.h; path = rc4.h; sourceTree = "<group>"; };
		990F27E317BAB44500435734 /* rsa.h */ = {isa = PBXFileReference; fileEncoding = 4; lastKnownFileType = sourcecode.c.h; path = rsa.h; sourceTree = "<group>"; };
		990F27E417BAB51200435734 /* modes.h */ = {isa = PBXFileReference; fileEncoding = 4; lastKnownFileType = sourcecode.c.h; path = modes.h; sourceTree = "<group>"; };
		990F27E517BAB53400435734 /* srp.h */ = {isa = PBXFileReference; fileEncoding = 4; lastKnownFileType = sourcecode.c.h; path = srp.h; sourceTree = "<group>"; };
		990F27E617BAB54000435734 /* srtp.h */ = {isa = PBXFileReference; fileEncoding = 4; lastKnownFileType = sourcecode.c.h; path = srtp.h; sourceTree = "<group>"; };
		990F27E717BAB56700435734 /* ts.h */ = {isa = PBXFileReference; fileEncoding = 4; lastKnownFileType = sourcecode.c.h; path = ts.h; sourceTree = "<group>"; };
		990F27E817BAB57A00435734 /* whrlpool.h */ = {isa = PBXFileReference; fileEncoding = 4; lastKnownFileType = sourcecode.c.h; path = whrlpool.h; sourceTree = "<group>"; };
		990F27E917BAB68900435734 /* whrlpool.h */ = {isa = PBXFileReference; fileEncoding = 4; lastKnownFileType = sourcecode.c.h; path = whrlpool.h; sourceTree = "<group>"; };
		990F27EB17BAB8F600435734 /* rocket_light.png */ = {isa = PBXFileReference; lastKnownFileType = image.png; path = rocket_light.png; sourceTree = "<group>"; };
		9954B61917AADAEC0084C486 /* Mitro IOS.app */ = {isa = PBXFileReference; explicitFileType = wrapper.application; includeInIndex = 0; path = "Mitro IOS.app"; sourceTree = BUILT_PRODUCTS_DIR; };
		9954B61D17AADAEC0084C486 /* UIKit.framework */ = {isa = PBXFileReference; lastKnownFileType = wrapper.framework; name = UIKit.framework; path = System/Library/Frameworks/UIKit.framework; sourceTree = SDKROOT; };
		9954B61F17AADAEC0084C486 /* Foundation.framework */ = {isa = PBXFileReference; lastKnownFileType = wrapper.framework; name = Foundation.framework; path = System/Library/Frameworks/Foundation.framework; sourceTree = SDKROOT; };
		9954B62117AADAEC0084C486 /* CoreGraphics.framework */ = {isa = PBXFileReference; lastKnownFileType = wrapper.framework; name = CoreGraphics.framework; path = System/Library/Frameworks/CoreGraphics.framework; sourceTree = SDKROOT; };
		9954B64317AADAEC0084C486 /* Mitro IOSTests.octest */ = {isa = PBXFileReference; explicitFileType = wrapper.cfbundle; includeInIndex = 0; path = "Mitro IOSTests.octest"; sourceTree = BUILT_PRODUCTS_DIR; };
		9954B64417AADAEC0084C486 /* SenTestingKit.framework */ = {isa = PBXFileReference; lastKnownFileType = wrapper.framework; name = SenTestingKit.framework; path = Library/Frameworks/SenTestingKit.framework; sourceTree = DEVELOPER_DIR; };
		9954B64C17AADAEC0084C486 /* Mitro IOSTests-Info.plist */ = {isa = PBXFileReference; lastKnownFileType = text.plist.xml; path = "Mitro IOSTests-Info.plist"; sourceTree = "<group>"; };
		9954B64E17AADAEC0084C486 /* en */ = {isa = PBXFileReference; lastKnownFileType = text.plist.strings; name = en; path = en.lproj/InfoPlist.strings; sourceTree = "<group>"; };
		9954B65017AADAEC0084C486 /* Mitro_IOSTests.h */ = {isa = PBXFileReference; lastKnownFileType = sourcecode.c.h; path = Mitro_IOSTests.h; sourceTree = "<group>"; };
		9954B65117AADAEC0084C486 /* Mitro_IOSTests.m */ = {isa = PBXFileReference; lastKnownFileType = sourcecode.c.objc; path = Mitro_IOSTests.m; sourceTree = "<group>"; };
		999ACDC717BA890600649AF6 /* info.plist */ = {isa = PBXFileReference; fileEncoding = 4; lastKnownFileType = text.plist.xml; path = info.plist; sourceTree = "<group>"; };
		999ACDCA17BA893A00649AF6 /* MainStoryboard.storyboard */ = {isa = PBXFileReference; fileEncoding = 4; lastKnownFileType = file.storyboard; path = MainStoryboard.storyboard; sourceTree = "<group>"; };
		999ACDCE17BA8A2300649AF6 /* Mitro IOS-Prefix.pch */ = {isa = PBXFileReference; fileEncoding = 4; lastKnownFileType = sourcecode.c.h; path = "Mitro IOS-Prefix.pch"; sourceTree = "<group>"; };
		999ACDCF17BA8A3900649AF6 /* GlobalData.h */ = {isa = PBXFileReference; fileEncoding = 4; lastKnownFileType = sourcecode.c.h; path = GlobalData.h; sourceTree = "<group>"; };
		999ACDD017BA8A7B00649AF6 /* NSObject+SBJson.h */ = {isa = PBXFileReference; fileEncoding = 4; lastKnownFileType = sourcecode.c.h; path = "NSObject+SBJson.h"; sourceTree = "<group>"; };
		999ACDD117BA8A7F00649AF6 /* NSObject+SBJSON.m */ = {isa = PBXFileReference; fileEncoding = 4; lastKnownFileType = sourcecode.c.objc; path = "NSObject+SBJSON.m"; sourceTree = "<group>"; };
		999ACDD317BA8B9A00649AF6 /* GlobalData.m */ = {isa = PBXFileReference; fileEncoding = 4; lastKnownFileType = sourcecode.c.objc; path = GlobalData.m; sourceTree = "<group>"; };
		999ACDD517BA8BE500649AF6 /* main.m */ = {isa = PBXFileReference; fileEncoding = 4; lastKnownFileType = sourcecode.c.objc; path = main.m; sourceTree = "<group>"; };
		999ACDD717BA8BFA00649AF6 /* AppDelegate.h */ = {isa = PBXFileReference; fileEncoding = 4; lastKnownFileType = sourcecode.c.h; path = AppDelegate.h; sourceTree = "<group>"; };
		999ACDDA17BA8DD000649AF6 /* AppDelegate.m */ = {isa = PBXFileReference; fileEncoding = 4; lastKnownFileType = sourcecode.c.objc; path = AppDelegate.m; sourceTree = "<group>"; };
		99AA6A9617B98B68005B3496 /* SecretIdentiferStruct.h */ = {isa = PBXFileReference; fileEncoding = 4; lastKnownFileType = sourcecode.c.h; path = SecretIdentiferStruct.h; sourceTree = "<group>"; };
		99AA6A9817B98B85005B3496 /* MitroApi.h */ = {isa = PBXFileReference; fileEncoding = 4; lastKnownFileType = sourcecode.c.h; path = MitroApi.h; sourceTree = "<group>"; };
		99AA6A9917B98B85005B3496 /* MitroApi.m */ = {isa = PBXFileReference; fileEncoding = 4; lastKnownFileType = sourcecode.c.objc; path = MitroApi.m; sourceTree = "<group>"; };
		99AA6A9C17B98B96005B3496 /* MasterViewController.h */ = {isa = PBXFileReference; fileEncoding = 4; lastKnownFileType = sourcecode.c.h; path = MasterViewController.h; sourceTree = "<group>"; };
		99AA6A9D17B98B96005B3496 /* MasterViewController.m */ = {isa = PBXFileReference; fileEncoding = 4; lastKnownFileType = sourcecode.c.objc; path = MasterViewController.m; sourceTree = "<group>"; };
		99AA6AA017B98BBE005B3496 /* FakeAPIServer.h */ = {isa = PBXFileReference; fileEncoding = 4; lastKnownFileType = sourcecode.c.h; path = FakeAPIServer.h; sourceTree = "<group>"; };
		99AA6AA117B98BBF005B3496 /* FakeAPIServer.m */ = {isa = PBXFileReference; fileEncoding = 4; lastKnownFileType = sourcecode.c.objc; path = FakeAPIServer.m; sourceTree = "<group>"; };
		99AA6AA317B98BDF005B3496 /* DetailViewController.h */ = {isa = PBXFileReference; fileEncoding = 4; lastKnownFileType = sourcecode.c.h; name = DetailViewController.h; path = ../DetailViewController.h; sourceTree = "<group>"; };
		99AA6AA417B98BDF005B3496 /* DetailViewController.m */ = {isa = PBXFileReference; fileEncoding = 4; lastKnownFileType = sourcecode.c.objc; name = DetailViewController.m; path = ../DetailViewController.m; sourceTree = "<group>"; };
		99AA6AA617B98C67005B3496 /* SBJson.h */ = {isa = PBXFileReference; fileEncoding = 4; lastKnownFileType = sourcecode.c.h; path = SBJson.h; sourceTree = "<group>"; };
		99AA6AA717B98C67005B3496 /* SBJsonParser.h */ = {isa = PBXFileReference; fileEncoding = 4; lastKnownFileType = sourcecode.c.h; path = SBJsonParser.h; sourceTree = "<group>"; };
		99AA6AA817B98C67005B3496 /* SBJsonParser.m */ = {isa = PBXFileReference; fileEncoding = 4; lastKnownFileType = sourcecode.c.objc; path = SBJsonParser.m; sourceTree = "<group>"; };
		99AA6AA917B98C67005B3496 /* SBJsonStreamParser.h */ = {isa = PBXFileReference; fileEncoding = 4; lastKnownFileType = sourcecode.c.h; path = SBJsonStreamParser.h; sourceTree = "<group>"; };
		99AA6AAA17B98C67005B3496 /* SBJsonStreamParser.m */ = {isa = PBXFileReference; fileEncoding = 4; lastKnownFileType = sourcecode.c.objc; path = SBJsonStreamParser.m; sourceTree = "<group>"; };
		99AA6AAB17B98C67005B3496 /* SBJsonStreamParserAccumulator.h */ = {isa = PBXFileReference; fileEncoding = 4; lastKnownFileType = sourcecode.c.h; path = SBJsonStreamParserAccumulator.h; sourceTree = "<group>"; };
		99AA6AAC17B98C67005B3496 /* SBJsonStreamParserAccumulator.m */ = {isa = PBXFileReference; fileEncoding = 4; lastKnownFileType = sourcecode.c.objc; path = SBJsonStreamParserAccumulator.m; sourceTree = "<group>"; };
		99AA6AAD17B98C67005B3496 /* SBJsonStreamParserAdapter.h */ = {isa = PBXFileReference; fileEncoding = 4; lastKnownFileType = sourcecode.c.h; path = SBJsonStreamParserAdapter.h; sourceTree = "<group>"; };
		99AA6AAE17B98C67005B3496 /* SBJsonStreamParserAdapter.m */ = {isa = PBXFileReference; fileEncoding = 4; lastKnownFileType = sourcecode.c.objc; path = SBJsonStreamParserAdapter.m; sourceTree = "<group>"; };
		99AA6AAF17B98C67005B3496 /* SBJsonStreamParserState.h */ = {isa = PBXFileReference; fileEncoding = 4; lastKnownFileType = sourcecode.c.h; path = SBJsonStreamParserState.h; sourceTree = "<group>"; };
		99AA6AB017B98C67005B3496 /* SBJsonStreamParserState.m */ = {isa = PBXFileReference; fileEncoding = 4; lastKnownFileType = sourcecode.c.objc; path = SBJsonStreamParserState.m; sourceTree = "<group>"; };
		99AA6AB117B98C67005B3496 /* SBJsonStreamTokeniser.h */ = {isa = PBXFileReference; fileEncoding = 4; lastKnownFileType = sourcecode.c.h; path = SBJsonStreamTokeniser.h; sourceTree = "<group>"; };
		99AA6AB217B98C67005B3496 /* SBJsonStreamTokeniser.m */ = {isa = PBXFileReference; fileEncoding = 4; lastKnownFileType = sourcecode.c.objc; path = SBJsonStreamTokeniser.m; sourceTree = "<group>"; };
		99AA6AB317B98C67005B3496 /* SBJsonStreamWriter.h */ = {isa = PBXFileReference; fileEncoding = 4; lastKnownFileType = sourcecode.c.h; path = SBJsonStreamWriter.h; sourceTree = "<group>"; };
		99AA6AB417B98C67005B3496 /* SBJsonStreamWriter.m */ = {isa = PBXFileReference; fileEncoding = 4; lastKnownFileType = sourcecode.c.objc; path = SBJsonStreamWriter.m; sourceTree = "<group>"; };
		99AA6AB517B98C67005B3496 /* SBJsonStreamWriterAccumulator.h */ = {isa = PBXFileReference; fileEncoding = 4; lastKnownFileType = sourcecode.c.h; path = SBJsonStreamWriterAccumulator.h; sourceTree = "<group>"; };
		99AA6AB617B98C67005B3496 /* SBJsonStreamWriterAccumulator.m */ = {isa = PBXFileReference; fileEncoding = 4; lastKnownFileType = sourcecode.c.objc; path = SBJsonStreamWriterAccumulator.m; sourceTree = "<group>"; };
		99AA6AB717B98C67005B3496 /* SBJsonStreamWriterState.h */ = {isa = PBXFileReference; fileEncoding = 4; lastKnownFileType = sourcecode.c.h; path = SBJsonStreamWriterState.h; sourceTree = "<group>"; };
		99AA6AB817B98C67005B3496 /* SBJsonStreamWriterState.m */ = {isa = PBXFileReference; fileEncoding = 4; lastKnownFileType = sourcecode.c.objc; path = SBJsonStreamWriterState.m; sourceTree = "<group>"; };
		99AA6AB917B98C67005B3496 /* SBJsonWriter.h */ = {isa = PBXFileReference; fileEncoding = 4; lastKnownFileType = sourcecode.c.h; path = SBJsonWriter.h; sourceTree = "<group>"; };
		99AA6ABA17B98C67005B3496 /* SBJsonWriter.m */ = {isa = PBXFileReference; fileEncoding = 4; lastKnownFileType = sourcecode.c.objc; path = SBJsonWriter.m; sourceTree = "<group>"; };
		99AA6ABB17B98C67005B3496 /* scoped_handle_win.h */ = {isa = PBXFileReference; fileEncoding = 4; lastKnownFileType = sourcecode.c.h; path = scoped_handle_win.h; sourceTree = "<group>"; };
		99AA6ABC17B98C67005B3496 /* scoped_handle.h */ = {isa = PBXFileReference; fileEncoding = 4; lastKnownFileType = sourcecode.c.h; path = scoped_handle.h; sourceTree = "<group>"; };
		99F90FE317B9750300A6A786 /* Security.framework */ = {isa = PBXFileReference; lastKnownFileType = wrapper.framework; name = Security.framework; path = System/Library/Frameworks/Security.framework; sourceTree = SDKROOT; };
/* End PBXFileReference section */

/* Begin PBXFrameworksBuildPhase section */
		9954B61617AADAEC0084C486 /* Frameworks */ = {
			isa = PBXFrameworksBuildPhase;
			buildActionMask = 2147483647;
			files = (
				99F90FE417B9750300A6A786 /* Security.framework in Frameworks */,
				9954B61E17AADAEC0084C486 /* UIKit.framework in Frameworks */,
				9954B62017AADAEC0084C486 /* Foundation.framework in Frameworks */,
				9954B62217AADAEC0084C486 /* CoreGraphics.framework in Frameworks */,
			);
			runOnlyForDeploymentPostprocessing = 0;
		};
		9954B63F17AADAEC0084C486 /* Frameworks */ = {
			isa = PBXFrameworksBuildPhase;
			buildActionMask = 2147483647;
			files = (
				9954B64517AADAEC0084C486 /* SenTestingKit.framework in Frameworks */,
				9954B64617AADAEC0084C486 /* UIKit.framework in Frameworks */,
				9954B64717AADAEC0084C486 /* Foundation.framework in Frameworks */,
			);
			runOnlyForDeploymentPostprocessing = 0;
		};
/* End PBXFrameworksBuildPhase section */

/* Begin PBXGroup section */
		990F279817BAAFC900435734 /* SBJSON */ = {
			isa = PBXGroup;
			children = (
				99AA6AA617B98C67005B3496 /* SBJson.h */,
				99AA6AA717B98C67005B3496 /* SBJsonParser.h */,
				99AA6AA817B98C67005B3496 /* SBJsonParser.m */,
				99AA6AA917B98C67005B3496 /* SBJsonStreamParser.h */,
				99AA6AAA17B98C67005B3496 /* SBJsonStreamParser.m */,
				99AA6AAB17B98C67005B3496 /* SBJsonStreamParserAccumulator.h */,
				99AA6AAC17B98C67005B3496 /* SBJsonStreamParserAccumulator.m */,
				99AA6AAD17B98C67005B3496 /* SBJsonStreamParserAdapter.h */,
				99AA6AAE17B98C67005B3496 /* SBJsonStreamParserAdapter.m */,
				99AA6AAF17B98C67005B3496 /* SBJsonStreamParserState.h */,
				99AA6AB017B98C67005B3496 /* SBJsonStreamParserState.m */,
				99AA6AB117B98C67005B3496 /* SBJsonStreamTokeniser.h */,
				99AA6AB217B98C67005B3496 /* SBJsonStreamTokeniser.m */,
				99AA6AB317B98C67005B3496 /* SBJsonStreamWriter.h */,
				99AA6AB417B98C67005B3496 /* SBJsonStreamWriter.m */,
				99AA6AB517B98C67005B3496 /* SBJsonStreamWriterAccumulator.h */,
				99AA6AB617B98C67005B3496 /* SBJsonStreamWriterAccumulator.m */,
				99AA6AB717B98C67005B3496 /* SBJsonStreamWriterState.h */,
				99AA6AB817B98C67005B3496 /* SBJsonStreamWriterState.m */,
				99AA6AB917B98C67005B3496 /* SBJsonWriter.h */,
				99AA6ABA17B98C67005B3496 /* SBJsonWriter.m */,
			);
			name = SBJSON;
			sourceTree = "<group>";
		};
		993668E017B984CC0077B0F1 /* openssl */ = {
			isa = PBXGroup;
			children = (
				990F27E417BAB51200435734 /* modes.h */,
				990F27E517BAB53400435734 /* srp.h */,
				990F27B417BAB22500435734 /* comp.h */,
				990F27E717BAB56700435734 /* ts.h */,
				990F27C717BAB39100435734 /* rand.h */,
				990F27BF17BAB2A100435734 /* dsa.h */,
				990F27BA17BAB24200435734 /* crypto.h */,
				990F27BC17BAB24900435734 /* ecdh.h */,
				990F27CF17BAB3BC00435734 /* pkcs7.h */,
				990F27E317BAB44500435734 /* rsa.h */,
				990F27D117BAB3C800435734 /* sha.h */,
				990F27D217BAB3CF00435734 /* ocsp.h */,
				990F27E617BAB54000435734 /* srtp.h */,
				990F27E117BAB3F600435734 /* ripemd.h */,
				990F27E217BAB3FD00435734 /* rc4.h */,
				990F27E817BAB57A00435734 /* whrlpool.h */,
				990F27CC17BAB3AE00435734 /* seed.h */,
				990F27D017BAB3C100435734 /* store.h */,
				990F27DF17BAB3EF00435734 /* pem.h */,
				990F27E017BAB3EF00435734 /* pem2.h */,
				990F27DE17BAB3EA00435734 /* rc2.h */,
				990F27BB17BAB24200435734 /* ebcdic.h */,
				990F27D917BAB3E400435734 /* opensslconf.h */,
				990F27DA17BAB3E400435734 /* opensslv.h */,
				990F27DB17BAB3E400435734 /* ossl_typ.h */,
				990F27DC17BAB3E400435734 /* symhacks.h */,
				990F27DD17BAB3E400435734 /* tmdiff.h */,
				990F27CD17BAB3B500435734 /* safestack.h */,
				990F27CE17BAB3B500435734 /* stack.h */,
				990F27B717BAB23400435734 /* dtls1.h */,
				990F27D317BAB3D700435734 /* ssl.h */,
				990F27D417BAB3D700435734 /* ssl2.h */,
				990F27D517BAB3D700435734 /* ssl3.h */,
				990F27D617BAB3D700435734 /* ssl23.h */,
				990F27E917BAB68900435734 /* whrlpool.h */,
				990F27D717BAB3D700435734 /* tls1.h */,
				990F27D817BAB3DD00435734 /* pkcs12.h */,
				990F27CB17BAB3A700435734 /* txt_db.h */,
				990F27BE17BAB25600435734 /* fips.h */,
				990F27C317BAB36100435734 /* x509_vfy.h */,
				990F27C417BAB36100435734 /* x509.h */,
				990F27B817BAB23400435734 /* kssl.h */,
				990F27B517BAB22C00435734 /* conf_api.h */,
				990F27B917BAB23A00435734 /* evp.h */,
				990F27B617BAB22C00435734 /* conf.h */,
				990F27C117BAB35200435734 /* ui_compat.h */,
				990F27C917BAB3A000435734 /* obj_mac.h */,
				990F27CA17BAB3A000435734 /* objects.h */,
				990F27C517BAB36C00435734 /* pq_compat.h */,
				990F27C617BAB36C00435734 /* pqueue.h */,
				990F27C217BAB35200435734 /* ui.h */,
				990F27B017BAB1EE00435734 /* dh.h */,
				990F27AF17BAB1E600435734 /* dso.h */,
				990F27C017BAB33A00435734 /* x509v3.h */,
				990F27C817BAB39700435734 /* mdc2.h */,
				990F27B117BAB1F700435734 /* des_old.h */,
				990F27BD17BAB25000435734 /* ec.h */,
				990F27B217BAB1F700435734 /* des.h */,
				990F27AE17BAB1DF00435734 /* engine.h */,
				990F27B317BAB21C00435734 /* ecdsa.h */,
				990F27AD17BAB1D600435734 /* err.h */,
				990F27A217BAB12100435734 /* cast.h */,
				990F27AC17BAB1CE00435734 /* fips_rand.h */,
				990F27AB17BAB1C600435734 /* hmac.h */,
				990F27A717BAB17A00435734 /* lhash.h */,
				990F27A317BAB12800435734 /* camellia.h */,
				990F27A617BAB17300435734 /* md2.h */,
				990F27A917BAB18D00435734 /* krb5_asn.h */,
				990F27AA17BAB19600435734 /* idea.h */,
				990F27A417BAB14B00435734 /* cmac.h */,
				990F279F17BAB0FE00435734 /* blowfish.h */,
				990F27A817BAB18300435734 /* md4.h */,
				990F27A117BAB11700435734 /* cms.h */,
				990F279E17BAB0F000435734 /* bn.h */,
				990F279C17BAB0C200435734 /* aes.h */,
				990F27A017BAB10700435734 /* bio.h */,
				990F27A517BAB16900435734 /* md5.h */,
				990F279D17BAB0E400435734 /* buffer.h */,
				990F279917BAB05100435734 /* asn1_mac.h */,
				990F279A17BAB05100435734 /* asn1.h */,
				990F279B17BAB05100435734 /* asn1t.h */,
			);
			path = openssl;
			sourceTree = "<group>";
		};
		99366A2517B9880F0077B0F1 /* Mitro IOS */ = {
			isa = PBXGroup;
			children = (
				990F27EB17BAB8F600435734 /* rocket_light.png */,
				999ACDDA17BA8DD000649AF6 /* AppDelegate.m */,
				99AA6AA317B98BDF005B3496 /* DetailViewController.h */,
				999ACDD117BA8A7F00649AF6 /* NSObject+SBJSON.m */,
				999ACDD017BA8A7B00649AF6 /* NSObject+SBJson.h */,
				999ACDCE17BA8A2300649AF6 /* Mitro IOS-Prefix.pch */,
				999ACDC717BA890600649AF6 /* info.plist */,
				999ACDD517BA8BE500649AF6 /* main.m */,
				999ACDCF17BA8A3900649AF6 /* GlobalData.h */,
				99AA6AA417B98BDF005B3496 /* DetailViewController.m */,
				99AA6A9D17B98B96005B3496 /* MasterViewController.m */,
				999ACDD317BA8B9A00649AF6 /* GlobalData.m */,
				99AA6AA017B98BBE005B3496 /* FakeAPIServer.h */,
				99AA6AA117B98BBF005B3496 /* FakeAPIServer.m */,
				99AA6A9C17B98B96005B3496 /* MasterViewController.h */,
				999ACDD717BA8BFA00649AF6 /* AppDelegate.h */,
				999ACDCA17BA893A00649AF6 /* MainStoryboard.storyboard */,
				990F279817BAAFC900435734 /* SBJSON */,
				99AA6ABB17B98C67005B3496 /* scoped_handle_win.h */,
				99AA6ABC17B98C67005B3496 /* scoped_handle.h */,
				99AA6A9817B98B85005B3496 /* MitroApi.h */,
				99AA6A9917B98B85005B3496 /* MitroApi.m */,
				99AA6A9617B98B68005B3496 /* SecretIdentiferStruct.h */,
			);
			path = "Mitro IOS";
			sourceTree = "<group>";
		};
		9954B60E17AADAEC0084C486 = {
			isa = PBXGroup;
			children = (
				99366A2517B9880F0077B0F1 /* Mitro IOS */,
				993668E017B984CC0077B0F1 /* openssl */,
				99F90FE317B9750300A6A786 /* Security.framework */,
				9954B64A17AADAEC0084C486 /* Mitro IOSTests */,
				9954B61C17AADAEC0084C486 /* Frameworks */,
				9954B61A17AADAEC0084C486 /* Products */,
			);
			sourceTree = "<group>";
		};
		9954B61A17AADAEC0084C486 /* Products */ = {
			isa = PBXGroup;
			children = (
				9954B61917AADAEC0084C486 /* Mitro IOS.app */,
				9954B64317AADAEC0084C486 /* Mitro IOSTests.octest */,
			);
			name = Products;
			sourceTree = "<group>";
		};
		9954B61C17AADAEC0084C486 /* Frameworks */ = {
			isa = PBXGroup;
			children = (
				9954B61D17AADAEC0084C486 /* UIKit.framework */,
				9954B61F17AADAEC0084C486 /* Foundation.framework */,
				9954B62117AADAEC0084C486 /* CoreGraphics.framework */,
				9954B64417AADAEC0084C486 /* SenTestingKit.framework */,
			);
			name = Frameworks;
			sourceTree = "<group>";
		};
		9954B64A17AADAEC0084C486 /* Mitro IOSTests */ = {
			isa = PBXGroup;
			children = (
				9954B65017AADAEC0084C486 /* Mitro_IOSTests.h */,
				9954B65117AADAEC0084C486 /* Mitro_IOSTests.m */,
				9954B64B17AADAEC0084C486 /* Supporting Files */,
			);
			path = "Mitro IOSTests";
			sourceTree = "<group>";
		};
		9954B64B17AADAEC0084C486 /* Supporting Files */ = {
			isa = PBXGroup;
			children = (
				9954B64C17AADAEC0084C486 /* Mitro IOSTests-Info.plist */,
				9954B64D17AADAEC0084C486 /* InfoPlist.strings */,
			);
			name = "Supporting Files";
			sourceTree = "<group>";
		};
/* End PBXGroup section */

/* Begin PBXNativeTarget section */
		9954B61817AADAEC0084C486 /* Mitro IOS */ = {
			isa = PBXNativeTarget;
			buildConfigurationList = 9954B65517AADAEC0084C486 /* Build configuration list for PBXNativeTarget "Mitro IOS" */;
			buildPhases = (
				9954B61517AADAEC0084C486 /* Sources */,
				9954B61617AADAEC0084C486 /* Frameworks */,
				9954B61717AADAEC0084C486 /* Resources */,
			);
			buildRules = (
			);
			dependencies = (
			);
			name = "Mitro IOS";
			productName = "Mitro IOS";
			productReference = 9954B61917AADAEC0084C486 /* Mitro IOS.app */;
			productType = "com.apple.product-type.application";
		};
		9954B64217AADAEC0084C486 /* Mitro IOSTests */ = {
			isa = PBXNativeTarget;
			buildConfigurationList = 9954B65817AADAEC0084C486 /* Build configuration list for PBXNativeTarget "Mitro IOSTests" */;
			buildPhases = (
				9954B63E17AADAEC0084C486 /* Sources */,
				9954B63F17AADAEC0084C486 /* Frameworks */,
				9954B64017AADAEC0084C486 /* Resources */,
				9954B64117AADAEC0084C486 /* ShellScript */,
			);
			buildRules = (
			);
			dependencies = (
				9954B64917AADAEC0084C486 /* PBXTargetDependency */,
			);
			name = "Mitro IOSTests";
			productName = "Mitro IOSTests";
			productReference = 9954B64317AADAEC0084C486 /* Mitro IOSTests.octest */;
			productType = "com.apple.product-type.bundle";
		};
/* End PBXNativeTarget section */

/* Begin PBXProject section */
		9954B61017AADAEC0084C486 /* Project object */ = {
			isa = PBXProject;
			attributes = {
				LastUpgradeCheck = 0450;
				ORGANIZATIONNAME = "Peter Jasko";
			};
			buildConfigurationList = 9954B61317AADAEC0084C486 /* Build configuration list for PBXProject "Mitro IOS" */;
			compatibilityVersion = "Xcode 3.2";
			developmentRegion = English;
			hasScannedForEncodings = 0;
			knownRegions = (
				en,
			);
			mainGroup = 9954B60E17AADAEC0084C486;
			productRefGroup = 9954B61A17AADAEC0084C486 /* Products */;
			projectDirPath = "";
			projectRoot = "";
			targets = (
				9954B61817AADAEC0084C486 /* Mitro IOS */,
				9954B64217AADAEC0084C486 /* Mitro IOSTests */,
			);
		};
/* End PBXProject section */

/* Begin PBXResourcesBuildPhase section */
		9954B61717AADAEC0084C486 /* Resources */ = {
			isa = PBXResourcesBuildPhase;
			buildActionMask = 2147483647;
			files = (
				991E9BC717BABD9B001CB6DA /* MasterViewController.m in Resources */,
				990F27EE17BABAFD00435734 /* MasterViewController.h in Resources */,
				990F279417BAAE1000435734 /* MainStoryboard.storyboard in Resources */,
			);
			runOnlyForDeploymentPostprocessing = 0;
		};
		9954B64017AADAEC0084C486 /* Resources */ = {
			isa = PBXResourcesBuildPhase;
			buildActionMask = 2147483647;
			files = (
				9954B64F17AADAEC0084C486 /* InfoPlist.strings in Resources */,
			);
			runOnlyForDeploymentPostprocessing = 0;
		};
/* End PBXResourcesBuildPhase section */

/* Begin PBXShellScriptBuildPhase section */
		9954B64117AADAEC0084C486 /* ShellScript */ = {
			isa = PBXShellScriptBuildPhase;
			buildActionMask = 2147483647;
			files = (
			);
			inputPaths = (
			);
			outputPaths = (
			);
			runOnlyForDeploymentPostprocessing = 0;
			shellPath = /bin/sh;
			shellScript = "# Run the unit tests in this test bundle.\n\"${SYSTEM_DEVELOPER_DIR}/Tools/RunUnitTests\"\n";
		};
/* End PBXShellScriptBuildPhase section */

/* Begin PBXSourcesBuildPhase section */
		9954B61517AADAEC0084C486 /* Sources */ = {
			isa = PBXSourcesBuildPhase;
			buildActionMask = 2147483647;
			files = (
				99AA6A9A17B98B85005B3496 /* MitroApi.m in Sources */,
				99AA6A9E17B98B96005B3496 /* MasterViewController.m in Sources */,
				99AA6AA217B98BBF005B3496 /* FakeAPIServer.m in Sources */,
				99AA6AA517B98BDF005B3496 /* DetailViewController.m in Sources */,
				99AA6ABD17B98C67005B3496 /* SBJsonParser.m in Sources */,
				99AA6ABE17B98C67005B3496 /* SBJsonStreamParser.m in Sources */,
				99AA6ABF17B98C67005B3496 /* SBJsonStreamParserAccumulator.m in Sources */,
				99AA6AC017B98C67005B3496 /* SBJsonStreamParserAdapter.m in Sources */,
				99AA6AC117B98C67005B3496 /* SBJsonStreamParserState.m in Sources */,
				99AA6AC217B98C67005B3496 /* SBJsonStreamTokeniser.m in Sources */,
				99AA6AC317B98C67005B3496 /* SBJsonStreamWriter.m in Sources */,
				99AA6AC417B98C67005B3496 /* SBJsonStreamWriterAccumulator.m in Sources */,
				99AA6AC517B98C67005B3496 /* SBJsonStreamWriterState.m in Sources */,
				99AA6AC617B98C67005B3496 /* SBJsonWriter.m in Sources */,
				999ACDD217BA8A7F00649AF6 /* NSObject+SBJSON.m in Sources */,
				999ACDD417BA8B9A00649AF6 /* GlobalData.m in Sources */,
				999ACDD617BA8BE500649AF6 /* main.m in Sources */,
				999ACDDB17BA8DD000649AF6 /* AppDelegate.m in Sources */,
			);
			runOnlyForDeploymentPostprocessing = 0;
		};
		9954B63E17AADAEC0084C486 /* Sources */ = {
			isa = PBXSourcesBuildPhase;
			buildActionMask = 2147483647;
			files = (
				9954B65217AADAEC0084C486 /* Mitro_IOSTests.m in Sources */,
				99AA6A9B17B98B85005B3496 /* MitroApi.m in Sources */,
				99AA6A9F17B98B96005B3496 /* MasterViewController.m in Sources */,
			);
			runOnlyForDeploymentPostprocessing = 0;
		};
/* End PBXSourcesBuildPhase section */

/* Begin PBXTargetDependency section */
		9954B64917AADAEC0084C486 /* PBXTargetDependency */ = {
			isa = PBXTargetDependency;
			target = 9954B61817AADAEC0084C486 /* Mitro IOS */;
			targetProxy = 9954B64817AADAEC0084C486 /* PBXContainerItemProxy */;
		};
/* End PBXTargetDependency section */

/* Begin PBXVariantGroup section */
		9954B64D17AADAEC0084C486 /* InfoPlist.strings */ = {
			isa = PBXVariantGroup;
			children = (
				9954B64E17AADAEC0084C486 /* en */,
			);
			name = InfoPlist.strings;
			sourceTree = "<group>";
		};
/* End PBXVariantGroup section */

/* Begin XCBuildConfiguration section */
		9954B65317AADAEC0084C486 /* Debug */ = {
			isa = XCBuildConfiguration;
			buildSettings = {
				ALWAYS_SEARCH_USER_PATHS = NO;
				CLANG_CXX_LANGUAGE_STANDARD = "gnu++0x";
				CLANG_CXX_LIBRARY = "libc++";
				CLANG_ENABLE_OBJC_ARC = YES;
				CLANG_WARN_EMPTY_BODY = YES;
				CLANG_WARN__DUPLICATE_METHOD_MATCH = YES;
				"CODE_SIGN_IDENTITY[sdk=iphoneos*]" = "iPhone Developer";
				COPY_PHASE_STRIP = NO;
				GCC_C_LANGUAGE_STANDARD = gnu99;
				GCC_DYNAMIC_NO_PIC = NO;
				GCC_OPTIMIZATION_LEVEL = 0;
				GCC_PREPROCESSOR_DEFINITIONS = (
					"DEBUG=1",
					"$(inherited)",
				);
				GCC_SYMBOLS_PRIVATE_EXTERN = NO;
				GCC_WARN_ABOUT_RETURN_TYPE = YES;
				GCC_WARN_UNINITIALIZED_AUTOS = YES;
				GCC_WARN_UNUSED_VARIABLE = YES;
				IPHONEOS_DEPLOYMENT_TARGET = 6.0;
				ONLY_ACTIVE_ARCH = YES;
				SDKROOT = iphoneos;
			};
			name = Debug;
		};
		9954B65417AADAEC0084C486 /* Release */ = {
			isa = XCBuildConfiguration;
			buildSettings = {
				ALWAYS_SEARCH_USER_PATHS = NO;
				CLANG_CXX_LANGUAGE_STANDARD = "gnu++0x";
				CLANG_CXX_LIBRARY = "libc++";
				CLANG_ENABLE_OBJC_ARC = YES;
				CLANG_WARN_EMPTY_BODY = YES;
				CLANG_WARN__DUPLICATE_METHOD_MATCH = YES;
				"CODE_SIGN_IDENTITY[sdk=iphoneos*]" = "iPhone Developer";
				COPY_PHASE_STRIP = YES;
				GCC_C_LANGUAGE_STANDARD = gnu99;
				GCC_WARN_ABOUT_RETURN_TYPE = YES;
				GCC_WARN_UNINITIALIZED_AUTOS = YES;
				GCC_WARN_UNUSED_VARIABLE = YES;
				IPHONEOS_DEPLOYMENT_TARGET = 6.0;
				OTHER_CFLAGS = "-DNS_BLOCK_ASSERTIONS=1";
				SDKROOT = iphoneos;
				VALIDATE_PRODUCT = YES;
			};
			name = Release;
		};
		9954B65617AADAEC0084C486 /* Debug */ = {
			isa = XCBuildConfiguration;
			buildSettings = {
				ALWAYS_SEARCH_USER_PATHS = YES;
				GCC_PRECOMPILE_PREFIX_HEADER = YES;
				GCC_PREFIX_HEADER = "Mitro IOS/Mitro IOS-Prefix.pch";
				INFOPLIST_FILE = "Mitro IOS/info.plist";
				LIBRARY_SEARCH_PATHS = (
					"$(inherited)",
					"\"$(SRCROOT)/Mitro IOS\"",
				);
				PRODUCT_NAME = "Mitro IOS";
				"USER_HEADER_SEARCH_PATHS[arch=*]" = include;
				VALID_ARCHS = "armv7 armv7s";
				WRAPPER_EXTENSION = app;
			};
			name = Debug;
		};
		9954B65717AADAEC0084C486 /* Release */ = {
			isa = XCBuildConfiguration;
			buildSettings = {
				ALWAYS_SEARCH_USER_PATHS = YES;
				GCC_PRECOMPILE_PREFIX_HEADER = YES;
				GCC_PREFIX_HEADER = "Mitro IOS/Mitro IOS-Prefix.pch";
				INFOPLIST_FILE = "Mitro IOS/info.plist";
				LIBRARY_SEARCH_PATHS = (
					"$(inherited)",
					"\"$(SRCROOT)/Mitro IOS\"",
				);
				"LIBRARY_SEARCH_PATHS[arch=armv7]" = (
					"$(inherited)",
					"$(inherited)",
					"\"$(SRCROOT)\"",
				);
				PRODUCT_NAME = "Mitro IOS";
				USER_HEADER_SEARCH_PATHS = include;
				VALID_ARCHS = "armv7 armv7s";
				WRAPPER_EXTENSION = app;
			};
			name = Release;
		};
		9954B65917AADAEC0084C486 /* Debug */ = {
			isa = XCBuildConfiguration;
			buildSettings = {
				BUNDLE_LOADER = "$(BUILT_PRODUCTS_DIR)/Mitro IOS.app/Mitro IOS";
				FRAMEWORK_SEARCH_PATHS = (
					"\"$(SDKROOT)/Developer/Library/Frameworks\"",
					"\"$(DEVELOPER_LIBRARY_DIR)/Frameworks\"",
				);
				GCC_PRECOMPILE_PREFIX_HEADER = YES;
				GCC_PREFIX_HEADER = "Mitro IOS/Mitro IOS-Prefix.pch";
				INFOPLIST_FILE = "Mitro IOSTests/Mitro IOSTests-Info.plist";
				PRODUCT_NAME = "Mitro IOSTests";
				TEST_HOST = "$(BUNDLE_LOADER)";
				WRAPPER_EXTENSION = octest;
			};
			name = Debug;
		};
		9954B65A17AADAEC0084C486 /* Release */ = {
			isa = XCBuildConfiguration;
			buildSettings = {
				BUNDLE_LOADER = "$(BUILT_PRODUCTS_DIR)/Mitro IOS.app/Mitro IOS";
				FRAMEWORK_SEARCH_PATHS = (
					"\"$(SDKROOT)/Developer/Library/Frameworks\"",
					"\"$(DEVELOPER_LIBRARY_DIR)/Frameworks\"",
				);
				GCC_PRECOMPILE_PREFIX_HEADER = YES;
				GCC_PREFIX_HEADER = "Mitro IOS/Mitro IOS-Prefix.pch";
				INFOPLIST_FILE = "Mitro IOSTests/Mitro IOSTests-Info.plist";
				PRODUCT_NAME = "Mitro IOSTests";
				TEST_HOST = "$(BUNDLE_LOADER)";
				WRAPPER_EXTENSION = octest;
			};
			name = Release;
		};
/* End XCBuildConfiguration section */

/* Begin XCConfigurationList section */
		9954B61317AADAEC0084C486 /* Build configuration list for PBXProject "Mitro IOS" */ = {
			isa = XCConfigurationList;
			buildConfigurations = (
				9954B65317AADAEC0084C486 /* Debug */,
				9954B65417AADAEC0084C486 /* Release */,
			);
			defaultConfigurationIsVisible = 0;
			defaultConfigurationName = Release;
		};
		9954B65517AADAEC0084C486 /* Build configuration list for PBXNativeTarget "Mitro IOS" */ = {
			isa = XCConfigurationList;
			buildConfigurations = (
				9954B65617AADAEC0084C486 /* Debug */,
				9954B65717AADAEC0084C486 /* Release */,
			);
			defaultConfigurationIsVisible = 0;
			defaultConfigurationName = Release;
		};
		9954B65817AADAEC0084C486 /* Build configuration list for PBXNativeTarget "Mitro IOSTests" */ = {
			isa = XCConfigurationList;
			buildConfigurations = (
				9954B65917AADAEC0084C486 /* Debug */,
				9954B65A17AADAEC0084C486 /* Release */,
			);
			defaultConfigurationIsVisible = 0;
			defaultConfigurationName = Release;
		};
/* End XCConfigurationList section */
	};
	rootObject = 9954B61017AADAEC0084C486 /* Project object */;
}
